
Microsoft Visual Studio Solution File, Format Version 12.00
# Visual Studio Version 16
VisualStudioVersion = 16.0.29728.190
MinimumVisualStudioVersion = 10.0.40219.1
Project("{FAE04EC0-301F-11D3-BF4B-00C04F79EFBC}") = "BackOfficeEngine", "BackOfficeEngine\BackOfficeEngine.csproj", "{549E570D-DCA5-4529-B011-AD981A07A6A2}"
EndProject
Project("{2150E333-8FDC-42A3-9474-1A3956D46DE8}") = "Solution Items", "Solution Items", "{522B3239-182A-45B4-B87C-3C04EB319648}"
	ProjectSection(SolutionItems) = preProject
		.editorconfig = .editorconfig
	EndProjectSection
EndProject
Project("{FAE04EC0-301F-11D3-BF4B-00C04F79EFBC}") = "MarketTester", "MarketTester\MarketTester.csproj", "{B5CBF187-5D4E-4CC3-8E47-FEFE27D18C27}"
EndProject
Project("{9A19103F-16F7-4668-BE54-9A1E7A4F7556}") = "FixHelper", "FixHelper\FixHelper.csproj", "{8E3BD2EB-F21A-425B-B8F9-467F1F609F3F}"
EndProject
Project("{9A19103F-16F7-4668-BE54-9A1E7A4F7556}") = "QuickFix.FIX40", "FIX40\QuickFix.FIX40.csproj", "{0A7BBE79-06E4-4450-9332-10F7D3588CA5}"
EndProject
Project("{9A19103F-16F7-4668-BE54-9A1E7A4F7556}") = "QuickFix.FIX41", "FIX41\QuickFix.FIX41.csproj", "{05855968-F89A-4DC6-B09E-B8124A9E1FFD}"
EndProject
Project("{9A19103F-16F7-4668-BE54-9A1E7A4F7556}") = "QuickFix.FIX42", "FIX42\QuickFix.FIX42.csproj", "{FEECF686-489A-4ED1-9065-3D3192A05733}"
EndProject
Project("{9A19103F-16F7-4668-BE54-9A1E7A4F7556}") = "QuickFix.FIX43", "FIX43\QuickFix.FIX43.csproj", "{565FC411-5C6E-4FAE-94B0-2C94ABD1B908}"
EndProject
Project("{9A19103F-16F7-4668-BE54-9A1E7A4F7556}") = "QuickFix.FIX44", "FIX44\QuickFix.FIX44.csproj", "{86A8313D-4755-436E-A511-A87CDF19DF25}"
EndProject
Project("{9A19103F-16F7-4668-BE54-9A1E7A4F7556}") = "QuickFix.FIX50", "FIX50\QuickFix.FIX50.csproj", "{4C23EBA5-04DA-4293-B696-21230F4B83CF}"
EndProject
Project("{9A19103F-16F7-4668-BE54-9A1E7A4F7556}") = "QuickFix.FIX50SP1", "FIX50SP1\QuickFix.FIX50SP1.csproj", "{4EBCB154-D2FE-4222-9A87-7D82057DBC12}"
EndProject
Project("{9A19103F-16F7-4668-BE54-9A1E7A4F7556}") = "QuickFix.FIX50SP2", "FIX50SP2\QuickFix.FIX50SP2.csproj", "{2A4D33E6-6F0B-41E0-ADAF-E8BE1C92B0BC}"
EndProject
Project("{9A19103F-16F7-4668-BE54-9A1E7A4F7556}") = "QuickFix", "QuickFIXn\QuickFix.csproj", "{77FDA7BF-22AF-4A74-ACD0-DFE1B96CB363}"
EndProject
Project("{FAE04EC0-301F-11D3-BF4B-00C04F79EFBC}") = "FixLogAnalyzer", "FixLogAnalyzer\FixLogAnalyzer.csproj", "{2E910105-A887-42BB-BA2C-161FF4401E9B}"
EndProject
Global
	GlobalSection(SolutionConfigurationPlatforms) = preSolution
		Debug|Any CPU = Debug|Any CPU
		Debug|x64 = Debug|x64
		Release|Any CPU = Release|Any CPU
		Release|x64 = Release|x64
	EndGlobalSection
	GlobalSection(ProjectConfigurationPlatforms) = postSolution
		{549E570D-DCA5-4529-B011-AD981A07A6A2}.Debug|Any CPU.ActiveCfg = Debug|Any CPU
		{549E570D-DCA5-4529-B011-AD981A07A6A2}.Debug|Any CPU.Build.0 = Debug|Any CPU
		{549E570D-DCA5-4529-B011-AD981A07A6A2}.Debug|x64.ActiveCfg = Debug|x64
		{549E570D-DCA5-4529-B011-AD981A07A6A2}.Debug|x64.Build.0 = Debug|x64
		{549E570D-DCA5-4529-B011-AD981A07A6A2}.Release|Any CPU.ActiveCfg = Release|Any CPU
		{549E570D-DCA5-4529-B011-AD981A07A6A2}.Release|Any CPU.Build.0 = Release|Any CPU
		{549E570D-DCA5-4529-B011-AD981A07A6A2}.Release|x64.ActiveCfg = Release|x64
		{549E570D-DCA5-4529-B011-AD981A07A6A2}.Release|x64.Build.0 = Release|x64
		{B5CBF187-5D4E-4CC3-8E47-FEFE27D18C27}.Debug|Any CPU.ActiveCfg = Debug|Any CPU
		{B5CBF187-5D4E-4CC3-8E47-FEFE27D18C27}.Debug|Any CPU.Build.0 = Debug|Any CPU
		{B5CBF187-5D4E-4CC3-8E47-FEFE27D18C27}.Debug|x64.ActiveCfg = Debug|x64
		{B5CBF187-5D4E-4CC3-8E47-FEFE27D18C27}.Debug|x64.Build.0 = Debug|x64
		{B5CBF187-5D4E-4CC3-8E47-FEFE27D18C27}.Release|Any CPU.ActiveCfg = Release|Any CPU
		{B5CBF187-5D4E-4CC3-8E47-FEFE27D18C27}.Release|Any CPU.Build.0 = Release|Any CPU
		{B5CBF187-5D4E-4CC3-8E47-FEFE27D18C27}.Release|x64.ActiveCfg = Release|x64
		{B5CBF187-5D4E-4CC3-8E47-FEFE27D18C27}.Release|x64.Build.0 = Release|x64
		{8E3BD2EB-F21A-425B-B8F9-467F1F609F3F}.Debug|Any CPU.ActiveCfg = Debug|Any CPU
		{8E3BD2EB-F21A-425B-B8F9-467F1F609F3F}.Debug|Any CPU.Build.0 = Debug|Any CPU
		{8E3BD2EB-F21A-425B-B8F9-467F1F609F3F}.Debug|x64.ActiveCfg = Debug|Any CPU
		{8E3BD2EB-F21A-425B-B8F9-467F1F609F3F}.Debug|x64.Build.0 = Debug|Any CPU
		{8E3BD2EB-F21A-425B-B8F9-467F1F609F3F}.Release|Any CPU.ActiveCfg = Release|Any CPU
		{8E3BD2EB-F21A-425B-B8F9-467F1F609F3F}.Release|Any CPU.Build.0 = Release|Any CPU
		{8E3BD2EB-F21A-425B-B8F9-467F1F609F3F}.Release|x64.ActiveCfg = Release|Any CPU
		{8E3BD2EB-F21A-425B-B8F9-467F1F609F3F}.Release|x64.Build.0 = Release|Any CPU
		{0A7BBE79-06E4-4450-9332-10F7D3588CA5}.Debug|Any CPU.ActiveCfg = Debug|Any CPU
		{0A7BBE79-06E4-4450-9332-10F7D3588CA5}.Debug|Any CPU.Build.0 = Debug|Any CPU
		{0A7BBE79-06E4-4450-9332-10F7D3588CA5}.Debug|x64.ActiveCfg = Debug|x64
		{0A7BBE79-06E4-4450-9332-10F7D3588CA5}.Debug|x64.Build.0 = Debug|x64
		{0A7BBE79-06E4-4450-9332-10F7D3588CA5}.Release|Any CPU.ActiveCfg = Release|Any CPU
		{0A7BBE79-06E4-4450-9332-10F7D3588CA5}.Release|Any CPU.Build.0 = Release|Any CPU
		{0A7BBE79-06E4-4450-9332-10F7D3588CA5}.Release|x64.ActiveCfg = Release|x64
		{0A7BBE79-06E4-4450-9332-10F7D3588CA5}.Release|x64.Build.0 = Release|x64
		{05855968-F89A-4DC6-B09E-B8124A9E1FFD}.Debug|Any CPU.ActiveCfg = Debug|Any CPU
		{05855968-F89A-4DC6-B09E-B8124A9E1FFD}.Debug|Any CPU.Build.0 = Debug|Any CPU
		{05855968-F89A-4DC6-B09E-B8124A9E1FFD}.Debug|x64.ActiveCfg = Debug|x64
		{05855968-F89A-4DC6-B09E-B8124A9E1FFD}.Debug|x64.Build.0 = Debug|x64
		{05855968-F89A-4DC6-B09E-B8124A9E1FFD}.Release|Any CPU.ActiveCfg = Release|Any CPU
		{05855968-F89A-4DC6-B09E-B8124A9E1FFD}.Release|Any CPU.Build.0 = Release|Any CPU
		{05855968-F89A-4DC6-B09E-B8124A9E1FFD}.Release|x64.ActiveCfg = Release|x64
		{05855968-F89A-4DC6-B09E-B8124A9E1FFD}.Release|x64.Build.0 = Release|x64
		{FEECF686-489A-4ED1-9065-3D3192A05733}.Debug|Any CPU.ActiveCfg = Debug|Any CPU
		{FEECF686-489A-4ED1-9065-3D3192A05733}.Debug|Any CPU.Build.0 = Debug|Any CPU
		{FEECF686-489A-4ED1-9065-3D3192A05733}.Debug|x64.ActiveCfg = Debug|x64
		{FEECF686-489A-4ED1-9065-3D3192A05733}.Debug|x64.Build.0 = Debug|x64
		{FEECF686-489A-4ED1-9065-3D3192A05733}.Release|Any CPU.ActiveCfg = Release|Any CPU
		{FEECF686-489A-4ED1-9065-3D3192A05733}.Release|Any CPU.Build.0 = Release|Any CPU
		{FEECF686-489A-4ED1-9065-3D3192A05733}.Release|x64.ActiveCfg = Release|x64
		{FEECF686-489A-4ED1-9065-3D3192A05733}.Release|x64.Build.0 = Release|x64
		{565FC411-5C6E-4FAE-94B0-2C94ABD1B908}.Debug|Any CPU.ActiveCfg = Debug|Any CPU
		{565FC411-5C6E-4FAE-94B0-2C94ABD1B908}.Debug|Any CPU.Build.0 = Debug|Any CPU
		{565FC411-5C6E-4FAE-94B0-2C94ABD1B908}.Debug|x64.ActiveCfg = Debug|x64
		{565FC411-5C6E-4FAE-94B0-2C94ABD1B908}.Debug|x64.Build.0 = Debug|x64
		{565FC411-5C6E-4FAE-94B0-2C94ABD1B908}.Release|Any CPU.ActiveCfg = Release|Any CPU
		{565FC411-5C6E-4FAE-94B0-2C94ABD1B908}.Release|Any CPU.Build.0 = Release|Any CPU
		{565FC411-5C6E-4FAE-94B0-2C94ABD1B908}.Release|x64.ActiveCfg = Release|x64
		{565FC411-5C6E-4FAE-94B0-2C94ABD1B908}.Release|x64.Build.0 = Release|x64
		{86A8313D-4755-436E-A511-A87CDF19DF25}.Debug|Any CPU.ActiveCfg = Debug|Any CPU
		{86A8313D-4755-436E-A511-A87CDF19DF25}.Debug|Any CPU.Build.0 = Debug|Any CPU
		{86A8313D-4755-436E-A511-A87CDF19DF25}.Debug|x64.ActiveCfg = Debug|x64
		{86A8313D-4755-436E-A511-A87CDF19DF25}.Debug|x64.Build.0 = Debug|x64
		{86A8313D-4755-436E-A511-A87CDF19DF25}.Release|Any CPU.ActiveCfg = Release|Any CPU
		{86A8313D-4755-436E-A511-A87CDF19DF25}.Release|Any CPU.Build.0 = Release|Any CPU
		{86A8313D-4755-436E-A511-A87CDF19DF25}.Release|x64.ActiveCfg = Release|x64
		{86A8313D-4755-436E-A511-A87CDF19DF25}.Release|x64.Build.0 = Release|x64
		{4C23EBA5-04DA-4293-B696-21230F4B83CF}.Debug|Any CPU.ActiveCfg = Debug|Any CPU
		{4C23EBA5-04DA-4293-B696-21230F4B83CF}.Debug|Any CPU.Build.0 = Debug|Any CPU
		{4C23EBA5-04DA-4293-B696-21230F4B83CF}.Debug|x64.ActiveCfg = Debug|x64
		{4C23EBA5-04DA-4293-B696-21230F4B83CF}.Debug|x64.Build.0 = Debug|x64
		{4C23EBA5-04DA-4293-B696-21230F4B83CF}.Release|Any CPU.ActiveCfg = Release|Any CPU
		{4C23EBA5-04DA-4293-B696-21230F4B83CF}.Release|Any CPU.Build.0 = Release|Any CPU
		{4C23EBA5-04DA-4293-B696-21230F4B83CF}.Release|x64.ActiveCfg = Release|x64
		{4C23EBA5-04DA-4293-B696-21230F4B83CF}.Release|x64.Build.0 = Release|x64
		{4EBCB154-D2FE-4222-9A87-7D82057DBC12}.Debug|Any CPU.ActiveCfg = Debug|Any CPU
		{4EBCB154-D2FE-4222-9A87-7D82057DBC12}.Debug|Any CPU.Build.0 = Debug|Any CPU
		{4EBCB154-D2FE-4222-9A87-7D82057DBC12}.Debug|x64.ActiveCfg = Debug|x64
		{4EBCB154-D2FE-4222-9A87-7D82057DBC12}.Debug|x64.Build.0 = Debug|x64
		{4EBCB154-D2FE-4222-9A87-7D82057DBC12}.Release|Any CPU.ActiveCfg = Release|Any CPU
		{4EBCB154-D2FE-4222-9A87-7D82057DBC12}.Release|Any CPU.Build.0 = Release|Any CPU
		{4EBCB154-D2FE-4222-9A87-7D82057DBC12}.Release|x64.ActiveCfg = Release|x64
		{4EBCB154-D2FE-4222-9A87-7D82057DBC12}.Release|x64.Build.0 = Release|x64
		{2A4D33E6-6F0B-41E0-ADAF-E8BE1C92B0BC}.Debug|Any CPU.ActiveCfg = Debug|Any CPU
		{2A4D33E6-6F0B-41E0-ADAF-E8BE1C92B0BC}.Debug|Any CPU.Build.0 = Debug|Any CPU
		{2A4D33E6-6F0B-41E0-ADAF-E8BE1C92B0BC}.Debug|x64.ActiveCfg = Debug|x64
		{2A4D33E6-6F0B-41E0-ADAF-E8BE1C92B0BC}.Debug|x64.Build.0 = Debug|x64
		{2A4D33E6-6F0B-41E0-ADAF-E8BE1C92B0BC}.Release|Any CPU.ActiveCfg = Release|Any CPU
		{2A4D33E6-6F0B-41E0-ADAF-E8BE1C92B0BC}.Release|Any CPU.Build.0 = Release|Any CPU
		{2A4D33E6-6F0B-41E0-ADAF-E8BE1C92B0BC}.Release|x64.ActiveCfg = Release|x64
		{2A4D33E6-6F0B-41E0-ADAF-E8BE1C92B0BC}.Release|x64.Build.0 = Release|x64
		{77FDA7BF-22AF-4A74-ACD0-DFE1B96CB363}.Debug|Any CPU.ActiveCfg = Debug|Any CPU
		{77FDA7BF-22AF-4A74-ACD0-DFE1B96CB363}.Debug|Any CPU.Build.0 = Debug|Any CPU
		{77FDA7BF-22AF-4A74-ACD0-DFE1B96CB363}.Debug|x64.ActiveCfg = Debug|x64
		{77FDA7BF-22AF-4A74-ACD0-DFE1B96CB363}.Debug|x64.Build.0 = Debug|x64
		{77FDA7BF-22AF-4A74-ACD0-DFE1B96CB363}.Release|Any CPU.ActiveCfg = Release|Any CPU
		{77FDA7BF-22AF-4A74-ACD0-DFE1B96CB363}.Release|Any CPU.Build.0 = Release|Any CPU
		{77FDA7BF-22AF-4A74-ACD0-DFE1B96CB363}.Release|x64.ActiveCfg = Release|x64
		{77FDA7BF-22AF-4A74-ACD0-DFE1B96CB363}.Release|x64.Build.0 = Release|x64
		{2E910105-A887-42BB-BA2C-161FF4401E9B}.Debug|Any CPU.ActiveCfg = Debug|Any CPU
		{2E910105-A887-42BB-BA2C-161FF4401E9B}.Debug|Any CPU.Build.0 = Debug|Any CPU
		{2E910105-A887-42BB-BA2C-161FF4401E9B}.Debug|x64.ActiveCfg = Debug|Any CPU
		{2E910105-A887-42BB-BA2C-161FF4401E9B}.Debug|x64.Build.0 = Debug|Any CPU
		{2E910105-A887-42BB-BA2C-161FF4401E9B}.Release|Any CPU.ActiveCfg = Release|Any CPU
		{2E910105-A887-42BB-BA2C-161FF4401E9B}.Release|Any CPU.Build.0 = Release|Any CPU
		{2E910105-A887-42BB-BA2C-161FF4401E9B}.Release|x64.ActiveCfg = Release|Any CPU
		{2E910105-A887-42BB-BA2C-161FF4401E9B}.Release|x64.Build.0 = Release|Any CPU
	EndGlobalSection
	GlobalSection(SolutionProperties) = preSolution
		HideSolutionNode = FALSE
	EndGlobalSection
	GlobalSection(ExtensibilityGlobals) = postSolution
		SolutionGuid = {E358D069-4CCB-435B-839D-6A5AD6FD03B4}
	EndGlobalSection
EndGlobal
